// !$*UTF8*$!
{
	archiveVersion = 1;
	classes = {
	};
	objectVersion = 46;
	objects = {

/* Begin PBXBuildFile section */
		793D5DAB1A6DFA37003A9135 /* AppDelegate.swift in Sources */ = {isa = PBXBuildFile; fileRef = 793D5DAA1A6DFA37003A9135 /* AppDelegate.swift */; };
		793D5DAD1A6DFA37003A9135 /* ViewController.swift in Sources */ = {isa = PBXBuildFile; fileRef = 793D5DAC1A6DFA37003A9135 /* ViewController.swift */; };
		793D5DB01A6DFA37003A9135 /* Main.storyboard in Resources */ = {isa = PBXBuildFile; fileRef = 793D5DAE1A6DFA37003A9135 /* Main.storyboard */; };
		793D5DB21A6DFA37003A9135 /* Images.xcassets in Resources */ = {isa = PBXBuildFile; fileRef = 793D5DB11A6DFA37003A9135 /* Images.xcassets */; };
		793D5DB51A6DFA37003A9135 /* LaunchScreen.xib in Resources */ = {isa = PBXBuildFile; fileRef = 793D5DB31A6DFA37003A9135 /* LaunchScreen.xib */; };
		793D5DC11A6DFA37003A9135 /* GitHubClientTests.swift in Sources */ = {isa = PBXBuildFile; fileRef = 793D5DC01A6DFA37003A9135 /* GitHubClientTests.swift */; };
/* End PBXBuildFile section */

/* Begin PBXContainerItemProxy section */
		793D5DBB1A6DFA37003A9135 /* PBXContainerItemProxy */ = {
			isa = PBXContainerItemProxy;
			containerPortal = 793D5D9D1A6DFA37003A9135 /* Project object */;
			proxyType = 1;
			remoteGlobalIDString = 793D5DA41A6DFA37003A9135;
			remoteInfo = GitHubClient;
		};
/* End PBXContainerItemProxy section */

/* Begin PBXFileReference section */
		793D5DA51A6DFA37003A9135 /* GitHubClient.app */ = {isa = PBXFileReference; explicitFileType = wrapper.application; includeInIndex = 0; path = GitHubClient.app; sourceTree = BUILT_PRODUCTS_DIR; };
		793D5DA91A6DFA37003A9135 /* Info.plist */ = {isa = PBXFileReference; lastKnownFileType = text.plist.xml; path = Info.plist; sourceTree = "<group>"; };
		793D5DAA1A6DFA37003A9135 /* AppDelegate.swift */ = {isa = PBXFileReference; lastKnownFileType = sourcecode.swift; path = AppDelegate.swift; sourceTree = "<group>"; };
		793D5DAC1A6DFA37003A9135 /* ViewController.swift */ = {isa = PBXFileReference; lastKnownFileType = sourcecode.swift; path = ViewController.swift; sourceTree = "<group>"; };
		793D5DAF1A6DFA37003A9135 /* Base */ = {isa = PBXFileReference; lastKnownFileType = file.storyboard; name = Base; path = Base.lproj/Main.storyboard; sourceTree = "<group>"; };
		793D5DB11A6DFA37003A9135 /* Images.xcassets */ = {isa = PBXFileReference; lastKnownFileType = folder.assetcatalog; path = Images.xcassets; sourceTree = "<group>"; };
		793D5DB41A6DFA37003A9135 /* Base */ = {isa = PBXFileReference; lastKnownFileType = file.xib; name = Base; path = Base.lproj/LaunchScreen.xib; sourceTree = "<group>"; };
		793D5DBA1A6DFA37003A9135 /* GitHubClientTests.xctest */ = {isa = PBXFileReference; explicitFileType = wrapper.cfbundle; includeInIndex = 0; path = GitHubClientTests.xctest; sourceTree = BUILT_PRODUCTS_DIR; };
		793D5DBF1A6DFA37003A9135 /* Info.plist */ = {isa = PBXFileReference; lastKnownFileType = text.plist.xml; path = Info.plist; sourceTree = "<group>"; };
		793D5DC01A6DFA37003A9135 /* GitHubClientTests.swift */ = {isa = PBXFileReference; lastKnownFileType = sourcecode.swift; path = GitHubClientTests.swift; sourceTree = "<group>"; };
/* End PBXFileReference section */

/* Begin PBXFrameworksBuildPhase section */
		793D5DA21A6DFA37003A9135 /* Frameworks */ = {
			isa = PBXFrameworksBuildPhase;
			buildActionMask = 2147483647;
			files = (
			);
			runOnlyForDeploymentPostprocessing = 0;
		};
		793D5DB71A6DFA37003A9135 /* Frameworks */ = {
			isa = PBXFrameworksBuildPhase;
			buildActionMask = 2147483647;
			files = (
			);
			runOnlyForDeploymentPostprocessing = 0;
		};
/* End PBXFrameworksBuildPhase section */

/* Begin PBXGroup section */
		793D5D9C1A6DFA36003A9135 = {
			isa = PBXGroup;
			children = (
				793D5DA71A6DFA37003A9135 /* GitHubClient */,
				793D5DBD1A6DFA37003A9135 /* GitHubClientTests */,
				793D5DA61A6DFA37003A9135 /* Products */,
			);
			sourceTree = "<group>";
		};
		793D5DA61A6DFA37003A9135 /* Products */ = {
			isa = PBXGroup;
			children = (
				793D5DA51A6DFA37003A9135 /* GitHubClient.app */,
				793D5DBA1A6DFA37003A9135 /* GitHubClientTests.xctest */,
			);
			name = Products;
			sourceTree = "<group>";
		};
		793D5DA71A6DFA37003A9135 /* GitHubClient */ = {
			isa = PBXGroup;
			children = (
				793D5DAA1A6DFA37003A9135 /* AppDelegate.swift */,
				793D5DAC1A6DFA37003A9135 /* ViewController.swift */,
				793D5DAE1A6DFA37003A9135 /* Main.storyboard */,
				793D5DB11A6DFA37003A9135 /* Images.xcassets */,
				793D5DB31A6DFA37003A9135 /* LaunchScreen.xib */,
				793D5DA81A6DFA37003A9135 /* Supporting Files */,
			);
			path = GitHubClient;
			sourceTree = "<group>";
		};
		793D5DA81A6DFA37003A9135 /* Supporting Files */ = {
			isa = PBXGroup;
			children = (
				793D5DA91A6DFA37003A9135 /* Info.plist */,
			);
			name = "Supporting Files";
			sourceTree = "<group>";
		};
		793D5DBD1A6DFA37003A9135 /* GitHubClientTests */ = {
			isa = PBXGroup;
			children = (
				793D5DC01A6DFA37003A9135 /* GitHubClientTests.swift */,
				793D5DBE1A6DFA37003A9135 /* Supporting Files */,
			);
			path = GitHubClientTests;
			sourceTree = "<group>";
		};
		793D5DBE1A6DFA37003A9135 /* Supporting Files */ = {
			isa = PBXGroup;
			children = (
				793D5DBF1A6DFA37003A9135 /* Info.plist */,
			);
			name = "Supporting Files";
			sourceTree = "<group>";
		};
/* End PBXGroup section */

/* Begin PBXNativeTarget section */
		793D5DA41A6DFA37003A9135 /* GitHubClient */ = {
			isa = PBXNativeTarget;
			buildConfigurationList = 793D5DC41A6DFA37003A9135 /* Build configuration list for PBXNativeTarget "GitHubClient" */;
			buildPhases = (
				793D5DA11A6DFA37003A9135 /* Sources */,
				793D5DA21A6DFA37003A9135 /* Frameworks */,
				793D5DA31A6DFA37003A9135 /* Resources */,
			);
			buildRules = (
			);
			dependencies = (
			);
			name = GitHubClient;
			productName = GitHubClient;
			productReference = 793D5DA51A6DFA37003A9135 /* GitHubClient.app */;
			productType = "com.apple.product-type.application";
		};
		793D5DB91A6DFA37003A9135 /* GitHubClientTests */ = {
			isa = PBXNativeTarget;
			buildConfigurationList = 793D5DC71A6DFA37003A9135 /* Build configuration list for PBXNativeTarget "GitHubClientTests" */;
			buildPhases = (
				793D5DB61A6DFA37003A9135 /* Sources */,
				793D5DB71A6DFA37003A9135 /* Frameworks */,
				793D5DB81A6DFA37003A9135 /* Resources */,
			);
			buildRules = (
			);
			dependencies = (
				793D5DBC1A6DFA37003A9135 /* PBXTargetDependency */,
			);
			name = GitHubClientTests;
			productName = GitHubClientTests;
			productReference = 793D5DBA1A6DFA37003A9135 /* GitHubClientTests.xctest */;
			productType = "com.apple.product-type.bundle.unit-test";
		};
/* End PBXNativeTarget section */

/* Begin PBXProject section */
		793D5D9D1A6DFA37003A9135 /* Project object */ = {
			isa = PBXProject;
			attributes = {
				LastUpgradeCheck = 0610;
				ORGANIZATIONNAME = "Up Early, LLC";
				TargetAttributes = {
					793D5DA41A6DFA37003A9135 = {
						CreatedOnToolsVersion = 6.1.1;
					};
					793D5DB91A6DFA37003A9135 = {
						CreatedOnToolsVersion = 6.1.1;
						TestTargetID = 793D5DA41A6DFA37003A9135;
					};
				};
			};
			buildConfigurationList = 793D5DA01A6DFA37003A9135 /* Build configuration list for PBXProject "GitHubClient" */;
			compatibilityVersion = "Xcode 3.2";
			developmentRegion = English;
			hasScannedForEncodings = 0;
			knownRegions = (
				en,
				Base,
			);
			mainGroup = 793D5D9C1A6DFA36003A9135;
			productRefGroup = 793D5DA61A6DFA37003A9135 /* Products */;
			projectDirPath = "";
			projectRoot = "";
			targets = (
				793D5DA41A6DFA37003A9135 /* GitHubClient */,
				793D5DB91A6DFA37003A9135 /* GitHubClientTests */,
			);
		};
/* End PBXProject section */

/* Begin PBXResourcesBuildPhase section */
		793D5DA31A6DFA37003A9135 /* Resources */ = {
			isa = PBXResourcesBuildPhase;
			buildActionMask = 2147483647;
			files = (
				793D5DB01A6DFA37003A9135 /* Main.storyboard in Resources */,
				793D5DB51A6DFA37003A9135 /* LaunchScreen.xib in Resources */,
				793D5DB21A6DFA37003A9135 /* Images.xcassets in Resources */,
			);
			runOnlyForDeploymentPostprocessing = 0;
		};
		793D5DB81A6DFA37003A9135 /* Resources */ = {
			isa = PBXResourcesBuildPhase;
			buildActionMask = 2147483647;
			files = (
			);
			runOnlyForDeploymentPostprocessing = 0;
		};
/* End PBXResourcesBuildPhase section */

/* Begin PBXSourcesBuildPhase section */
		793D5DA11A6DFA37003A9135 /* Sources */ = {
			isa = PBXSourcesBuildPhase;
			buildActionMask = 2147483647;
			files = (
				793D5DAD1A6DFA37003A9135 /* ViewController.swift in Sources */,
				793D5DAB1A6DFA37003A9135 /* AppDelegate.swift in Sources */,
			);
			runOnlyForDeploymentPostprocessing = 0;
		};
		793D5DB61A6DFA37003A9135 /* Sources */ = {
			isa = PBXSourcesBuildPhase;
			buildActionMask = 2147483647;
			files = (
				793D5DC11A6DFA37003A9135 /* GitHubClientTests.swift in Sources */,
			);
			runOnlyForDeploymentPostprocessing = 0;
		};
/* End PBXSourcesBuildPhase section */

/* Begin PBXTargetDependency section */
		793D5DBC1A6DFA37003A9135 /* PBXTargetDependency */ = {
			isa = PBXTargetDependency;
			target = 793D5DA41A6DFA37003A9135 /* GitHubClient */;
			targetProxy = 793D5DBB1A6DFA37003A9135 /* PBXContainerItemProxy */;
		};
/* End PBXTargetDependency section */

/* Begin PBXVariantGroup section */
		793D5DAE1A6DFA37003A9135 /* Main.storyboard */ = {
			isa = PBXVariantGroup;
			children = (
				793D5DAF1A6DFA37003A9135 /* Base */,
			);
			name = Main.storyboard;
			sourceTree = "<group>";
		};
		793D5DB31A6DFA37003A9135 /* LaunchScreen.xib */ = {
			isa = PBXVariantGroup;
			children = (
				793D5DB41A6DFA37003A9135 /* Base */,
			);
			name = LaunchScreen.xib;
			sourceTree = "<group>";
		};
/* End PBXVariantGroup section */

/* Begin XCBuildConfiguration section */
		793D5DC21A6DFA37003A9135 /* Debug */ = {
			isa = XCBuildConfiguration;
			buildSettings = {
				ALWAYS_SEARCH_USER_PATHS = NO;
				CLANG_CXX_LANGUAGE_STANDARD = "gnu++0x";
				CLANG_CXX_LIBRARY = "libc++";
				CLANG_ENABLE_MODULES = YES;
				CLANG_ENABLE_OBJC_ARC = YES;
				CLANG_WARN_BOOL_CONVERSION = YES;
				CLANG_WARN_CONSTANT_CONVERSION = YES;
				CLANG_WARN_DIRECT_OBJC_ISA_USAGE = YES_ERROR;
				CLANG_WARN_EMPTY_BODY = YES;
				CLANG_WARN_ENUM_CONVERSION = YES;
				CLANG_WARN_INT_CONVERSION = YES;
				CLANG_WARN_OBJC_ROOT_CLASS = YES_ERROR;
				CLANG_WARN_UNREACHABLE_CODE = YES;
				CLANG_WARN__DUPLICATE_METHOD_MATCH = YES;
				"CODE_SIGN_IDENTITY[sdk=iphoneos*]" = "iPhone Developer";
				COPY_PHASE_STRIP = NO;
				ENABLE_STRICT_OBJC_MSGSEND = YES;
				GCC_C_LANGUAGE_STANDARD = gnu99;
				GCC_DYNAMIC_NO_PIC = NO;
				GCC_OPTIMIZATION_LEVEL = 0;
				GCC_PREPROCESSOR_DEFINITIONS = (
					"DEBUG=1",
					"$(inherited)",
				);
				GCC_SYMBOLS_PRIVATE_EXTERN = NO;
				GCC_WARN_64_TO_32_BIT_CONVERSION = YES;
				GCC_WARN_ABOUT_RETURN_TYPE = YES_ERROR;
				GCC_WARN_UNDECLARED_SELECTOR = YES;
				GCC_WARN_UNINITIALIZED_AUTOS = YES_AGGRESSIVE;
				GCC_WARN_UNUSED_FUNCTION = YES;
				GCC_WARN_UNUSED_VARIABLE = YES;
				IPHONEOS_DEPLOYMENT_TARGET = 8.1;
				MTL_ENABLE_DEBUG_INFO = YES;
				ONLY_ACTIVE_ARCH = YES;
				SDKROOT = iphoneos;
				SWIFT_OPTIMIZATION_LEVEL = "-Onone";
			};
			name = Debug;
		};
		793D5DC31A6DFA37003A9135 /* Release */ = {
			isa = XCBuildConfiguration;
			buildSettings = {
				ALWAYS_SEARCH_USER_PATHS = NO;
				CLANG_CXX_LANGUAGE_STANDARD = "gnu++0x";
				CLANG_CXX_LIBRARY = "libc++";
				CLANG_ENABLE_MODULES = YES;
				CLANG_ENABLE_OBJC_ARC = YES;
				CLANG_WARN_BOOL_CONVERSION = YES;
				CLANG_WARN_CONSTANT_CONVERSION = YES;
				CLANG_WARN_DIRECT_OBJC_ISA_USAGE = YES_ERROR;
				CLANG_WARN_EMPTY_BODY = YES;
				CLANG_WARN_ENUM_CONVERSION = YES;
				CLANG_WARN_INT_CONVERSION = YES;
				CLANG_WARN_OBJC_ROOT_CLASS = YES_ERROR;
				CLANG_WARN_UNREACHABLE_CODE = YES;
				CLANG_WARN__DUPLICATE_METHOD_MATCH = YES;
				"CODE_SIGN_IDENTITY[sdk=iphoneos*]" = "iPhone Developer";
				COPY_PHASE_STRIP = YES;
				ENABLE_NS_ASSERTIONS = NO;
				ENABLE_STRICT_OBJC_MSGSEND = YES;
				GCC_C_LANGUAGE_STANDARD = gnu99;
				GCC_WARN_64_TO_32_BIT_CONVERSION = YES;
				GCC_WARN_ABOUT_RETURN_TYPE = YES_ERROR;
				GCC_WARN_UNDECLARED_SELECTOR = YES;
				GCC_WARN_UNINITIALIZED_AUTOS = YES_AGGRESSIVE;
				GCC_WARN_UNUSED_FUNCTION = YES;
				GCC_WARN_UNUSED_VARIABLE = YES;
				IPHONEOS_DEPLOYMENT_TARGET = 8.1;
				MTL_ENABLE_DEBUG_INFO = NO;
				SDKROOT = iphoneos;
				VALIDATE_PRODUCT = YES;
			};
			name = Release;
		};
		793D5DC51A6DFA37003A9135 /* Debug */ = {
			isa = XCBuildConfiguration;
			buildSettings = {
				ASSETCATALOG_COMPILER_APPICON_NAME = AppIcon;
				INFOPLIST_FILE = GitHubClient/Info.plist;
				LD_RUNPATH_SEARCH_PATHS = "$(inherited) @executable_path/Frameworks";
				PRODUCT_NAME = "$(TARGET_NAME)";
			};
			name = Debug;
		};
		793D5DC61A6DFA37003A9135 /* Release */ = {
			isa = XCBuildConfiguration;
			buildSettings = {
				ASSETCATALOG_COMPILER_APPICON_NAME = AppIcon;
				INFOPLIST_FILE = GitHubClient/Info.plist;
				LD_RUNPATH_SEARCH_PATHS = "$(inherited) @executable_path/Frameworks";
				PRODUCT_NAME = "$(TARGET_NAME)";
			};
			name = Release;
		};
		793D5DC81A6DFA37003A9135 /* Debug */ = {
			isa = XCBuildConfiguration;
			buildSettings = {
				BUNDLE_LOADER = "$(TEST_HOST)";
				FRAMEWORK_SEARCH_PATHS = (
					"$(SDKROOT)/Developer/Library/Frameworks",
					"$(inherited)",
				);
				GCC_PREPROCESSOR_DEFINITIONS = (
					"DEBUG=1",
					"$(inherited)",
				);
				INFOPLIST_FILE = GitHubClientTests/Info.plist;
				LD_RUNPATH_SEARCH_PATHS = "$(inherited) @executable_path/Frameworks @loader_path/Frameworks";
				PRODUCT_NAME = "$(TARGET_NAME)";
				TEST_HOST = "$(BUILT_PRODUCTS_DIR)/GitHubClient.app/GitHubClient";
			};
			name = Debug;
		};
		793D5DC91A6DFA37003A9135 /* Release */ = {
			isa = XCBuildConfiguration;
			buildSettings = {
				BUNDLE_LOADER = "$(TEST_HOST)";
				FRAMEWORK_SEARCH_PATHS = (
					"$(SDKROOT)/Developer/Library/Frameworks",
					"$(inherited)",
				);
				INFOPLIST_FILE = GitHubClientTests/Info.plist;
				LD_RUNPATH_SEARCH_PATHS = "$(inherited) @executable_path/Frameworks @loader_path/Frameworks";
				PRODUCT_NAME = "$(TARGET_NAME)";
				TEST_HOST = "$(BUILT_PRODUCTS_DIR)/GitHubClient.app/GitHubClient";
			};
			name = Release;
		};
/* End XCBuildConfiguration section */

/* Begin XCConfigurationList section */
		793D5DA01A6DFA37003A9135 /* Build configuration list for PBXProject "GitHubClient" */ = {
			isa = XCConfigurationList;
			buildConfigurations = (
				793D5DC21A6DFA37003A9135 /* Debug */,
				793D5DC31A6DFA37003A9135 /* Release */,
			);
			defaultConfigurationIsVisible = 0;
			defaultConfigurationName = Release;
		};
		793D5DC41A6DFA37003A9135 /* Build configuration list for PBXNativeTarget "GitHubClient" */ = {
			isa = XCConfigurationList;
			buildConfigurations = (
				793D5DC51A6DFA37003A9135 /* Debug */,
				793D5DC61A6DFA37003A9135 /* Release */,
			);
			defaultConfigurationIsVisible = 0;
		};
		793D5DC71A6DFA37003A9135 /* Build configuration list for PBXNativeTarget "GitHubClientTests" */ = {
			isa = XCConfigurationList;
			buildConfigurations = (
				793D5DC81A6DFA37003A9135 /* Debug */,
				793D5DC91A6DFA37003A9135 /* Release */,
			);
			defaultConfigurationIsVisible = 0;
		};
/* End XCConfigurationList section */
	};
	rootObject = 793D5D9D1A6DFA37003A9135 /* Project object */;
}
